
Microsoft Visual Studio Solution File, Format Version 12.00
# Visual Studio 15
VisualStudioVersion = 15.0.28010.2003
MinimumVisualStudioVersion = 10.0.40219.1
Project("{FAE04EC0-301F-11D3-BF4B-00C04F79EFBC}") = "GraKK", "GraKK\GraKK.csproj", "{33F8BD45-EF55-4F25-A3C7-7E46888A7726}"
EndProject
Global
	GlobalSection(SolutionConfigurationPlatforms) = preSolution
		Debug|Any CPU = Debug|Any CPU
		Release|Any CPU = Release|Any CPU
	EndGlobalSection
	GlobalSection(ProjectConfigurationPlatforms) = postSolution
		{33F8BD45-EF55-4F25-A3C7-7E46888A7726}.Debug|Any CPU.ActiveCfg = Debug|Any CPU
		{33F8BD45-EF55-4F25-A3C7-7E46888A7726}.Debug|Any CPU.Build.0 = Debug|Any CPU
		{33F8BD45-EF55-4F25-A3C7-7E46888A7726}.Release|Any CPU.ActiveCfg = Release|Any CPU
		{33F8BD45-EF55-4F25-A3C7-7E46888A7726}.Release|Any CPU.Build.0 = Release|Any CPU
	EndGlobalSection
	GlobalSection(SolutionProperties) = preSolution
		HideSolutionNode = FALSE
	EndGlobalSection
	GlobalSection(ExtensibilityGlobals) = postSolution
		SolutionGuid = {AF686D15-1B77-4DF5-9B19-B14FF8F39416}
	EndGlobalSection
EndGlobal
